
Microsoft Visual Studio Solution File, Format Version 12.00
# Visual Studio Version 17
VisualStudioVersion = 17.4.33213.308
MinimumVisualStudioVersion = 10.0.40219.1
Project("{9A19103F-16F7-4668-BE54-9A1E7A4F7556}") = "CSLox", "yali\CSLox.csproj", "{D27BF5F8-6365-43A3-9470-1AA18492BD97}"
EndProject
Project("{9A19103F-16F7-4668-BE54-9A1E7A4F7556}") = "CSLox.ConsoleApp", "yali.ConsoleApp\CSLox.ConsoleApp.csproj", "{0A322280-9877-4D28-85B8-EDA4F330397B}"
EndProject
Global
	GlobalSection(SolutionConfigurationPlatforms) = preSolution
		Debug|Any CPU = Debug|Any CPU
		Release|Any CPU = Release|Any CPU
	EndGlobalSection
	GlobalSection(ProjectConfigurationPlatforms) = postSolution
		{D27BF5F8-6365-43A3-9470-1AA18492BD97}.Debug|Any CPU.ActiveCfg = Debug|Any CPU
		{D27BF5F8-6365-43A3-9470-1AA18492BD97}.Debug|Any CPU.Build.0 = Debug|Any CPU
		{D27BF5F8-6365-43A3-9470-1AA18492BD97}.Release|Any CPU.ActiveCfg = Release|Any CPU
		{D27BF5F8-6365-43A3-9470-1AA18492BD97}.Release|Any CPU.Build.0 = Release|Any CPU
		{0A322280-9877-4D28-85B8-EDA4F330397B}.Debug|Any CPU.ActiveCfg = Debug|Any CPU
		{0A322280-9877-4D28-85B8-EDA4F330397B}.Debug|Any CPU.Build.0 = Debug|Any CPU
		{0A322280-9877-4D28-85B8-EDA4F330397B}.Release|Any CPU.ActiveCfg = Release|Any CPU
		{0A322280-9877-4D28-85B8-EDA4F330397B}.Release|Any CPU.Build.0 = Release|Any CPU
	EndGlobalSection
	GlobalSection(SolutionProperties) = preSolution
		HideSolutionNode = FALSE
	EndGlobalSection
	GlobalSection(ExtensibilityGlobals) = postSolution
		SolutionGuid = {82994E8D-869B-4516-91FF-099D33322120}
	EndGlobalSection
EndGlobal
